
Microsoft Visual Studio Solution File, Format Version 12.00
# Visual Studio Version 17
VisualStudioVersion = 17.6.33829.357
MinimumVisualStudioVersion = 10.0.40219.1
Project("{9A19103F-16F7-4668-BE54-9A1E7A4F7556}") = "Domain", "Domain\Domain.csproj", "{AF94706D-B5ED-4198-A192-EF63141838D2}"
EndProject
Project("{9A19103F-16F7-4668-BE54-9A1E7A4F7556}") = "Infrastructure", "Infrastructure\Infrastructure.csproj", "{EF85A3AE-D4C2-4A84-BA24-E107F3E0A72D}"
EndProject
Project("{FAE04EC0-301F-11D3-BF4B-00C04F79EFBC}") = "ApplicationUI", "ApplicationUI\ApplicationUI.csproj", "{095D2E80-E4E6-4B2F-A566-F7C4C95023FB}"
EndProject
Global
	GlobalSection(SolutionConfigurationPlatforms) = preSolution
		Debug|Any CPU = Debug|Any CPU
		Release|Any CPU = Release|Any CPU
	EndGlobalSection
	GlobalSection(ProjectConfigurationPlatforms) = postSolution
		{AF94706D-B5ED-4198-A192-EF63141838D2}.Debug|Any CPU.ActiveCfg = Debug|Any CPU
		{AF94706D-B5ED-4198-A192-EF63141838D2}.Debug|Any CPU.Build.0 = Debug|Any CPU
		{AF94706D-B5ED-4198-A192-EF63141838D2}.Release|Any CPU.ActiveCfg = Release|Any CPU
		{AF94706D-B5ED-4198-A192-EF63141838D2}.Release|Any CPU.Build.0 = Release|Any CPU
		{EF85A3AE-D4C2-4A84-BA24-E107F3E0A72D}.Debug|Any CPU.ActiveCfg = Debug|Any CPU
		{EF85A3AE-D4C2-4A84-BA24-E107F3E0A72D}.Debug|Any CPU.Build.0 = Debug|Any CPU
		{EF85A3AE-D4C2-4A84-BA24-E107F3E0A72D}.Release|Any CPU.ActiveCfg = Release|Any CPU
		{EF85A3AE-D4C2-4A84-BA24-E107F3E0A72D}.Release|Any CPU.Build.0 = Release|Any CPU
		{095D2E80-E4E6-4B2F-A566-F7C4C95023FB}.Debug|Any CPU.ActiveCfg = Debug|Any CPU
		{095D2E80-E4E6-4B2F-A566-F7C4C95023FB}.Debug|Any CPU.Build.0 = Debug|Any CPU
		{095D2E80-E4E6-4B2F-A566-F7C4C95023FB}.Release|Any CPU.ActiveCfg = Release|Any CPU
		{095D2E80-E4E6-4B2F-A566-F7C4C95023FB}.Release|Any CPU.Build.0 = Release|Any CPU
	EndGlobalSection
	GlobalSection(SolutionProperties) = preSolution
		HideSolutionNode = FALSE
	EndGlobalSection
	GlobalSection(ExtensibilityGlobals) = postSolution
		SolutionGuid = {D1DF569C-8CFC-4449-9AD9-C21D3628F072}
	EndGlobalSection
EndGlobal
